
Microsoft Visual Studio Solution File, Format Version 12.00
# Visual Studio Version 17
VisualStudioVersion = 17.5.33424.131
MinimumVisualStudioVersion = 10.0.40219.1
Project("{FAE04EC0-301F-11D3-BF4B-00C04F79EFBC}") = "HomeWork5", "HomeWork5\HomeWork5.csproj", "{B1B9E879-7981-4950-A172-354F89B887B3}"
EndProject
Global
	GlobalSection(SolutionConfigurationPlatforms) = preSolution
		Debug|Any CPU = Debug|Any CPU
		Release|Any CPU = Release|Any CPU
	EndGlobalSection
	GlobalSection(ProjectConfigurationPlatforms) = postSolution
		{B1B9E879-7981-4950-A172-354F89B887B3}.Debug|Any CPU.ActiveCfg = Debug|Any CPU
		{B1B9E879-7981-4950-A172-354F89B887B3}.Debug|Any CPU.Build.0 = Debug|Any CPU
		{B1B9E879-7981-4950-A172-354F89B887B3}.Release|Any CPU.ActiveCfg = Release|Any CPU
		{B1B9E879-7981-4950-A172-354F89B887B3}.Release|Any CPU.Build.0 = Release|Any CPU
	EndGlobalSection
	GlobalSection(SolutionProperties) = preSolution
		HideSolutionNode = FALSE
	EndGlobalSection
	GlobalSection(ExtensibilityGlobals) = postSolution
		SolutionGuid = {E6BCC8B1-23F1-4F8E-A2F4-E0A1537E6A84}
	EndGlobalSection
EndGlobal
